
Microsoft Visual Studio Solution File, Format Version 12.00
# Visual Studio Version 17
VisualStudioVersion = 17.0.32014.148
MinimumVisualStudioVersion = 10.0.40219.1
Project("{FAE04EC0-301F-11D3-BF4B-00C04F79EFBC}") = "LinkQdemo", "LinkQdemo\LinkQdemo.csproj", "{BF17746A-DE3A-4BA0-BC3D-9537F99C20F5}"
EndProject
Project("{FAE04EC0-301F-11D3-BF4B-00C04F79EFBC}") = "ProductReviewManagementWithLinq", "ProductReviewManagementWithLinq\ProductReviewManagementWithLinq.csproj", "{B9407F85-D362-4F41-BA20-6AD296B47803}"
EndProject
Global
	GlobalSection(SolutionConfigurationPlatforms) = preSolution
		Debug|Any CPU = Debug|Any CPU
		Release|Any CPU = Release|Any CPU
	EndGlobalSection
	GlobalSection(ProjectConfigurationPlatforms) = postSolution
		{BF17746A-DE3A-4BA0-BC3D-9537F99C20F5}.Debug|Any CPU.ActiveCfg = Debug|Any CPU
		{BF17746A-DE3A-4BA0-BC3D-9537F99C20F5}.Debug|Any CPU.Build.0 = Debug|Any CPU
		{BF17746A-DE3A-4BA0-BC3D-9537F99C20F5}.Release|Any CPU.ActiveCfg = Release|Any CPU
		{BF17746A-DE3A-4BA0-BC3D-9537F99C20F5}.Release|Any CPU.Build.0 = Release|Any CPU
		{B9407F85-D362-4F41-BA20-6AD296B47803}.Debug|Any CPU.ActiveCfg = Debug|Any CPU
		{B9407F85-D362-4F41-BA20-6AD296B47803}.Debug|Any CPU.Build.0 = Debug|Any CPU
		{B9407F85-D362-4F41-BA20-6AD296B47803}.Release|Any CPU.ActiveCfg = Release|Any CPU
		{B9407F85-D362-4F41-BA20-6AD296B47803}.Release|Any CPU.Build.0 = Release|Any CPU
	EndGlobalSection
	GlobalSection(SolutionProperties) = preSolution
		HideSolutionNode = FALSE
	EndGlobalSection
	GlobalSection(ExtensibilityGlobals) = postSolution
		SolutionGuid = {FDCA4DA9-3637-4838-BFDD-A9567639AD68}
	EndGlobalSection
EndGlobal
